// !$*UTF8*$!
{
	archiveVersion = 1;
	classes = {
	};
	objectVersion = 56;
	objects = {

/* Begin PBXBuildFile section */
		111E7B622C22B77D00C4FAF8 /* WaveformView.swift in Sources */ = {isa = PBXBuildFile; fileRef = 111E7B612C22B77D00C4FAF8 /* WaveformView.swift */; };
		B3303C5B2C2121F5006E522A /* NC2_MachineLearningApp.swift in Sources */ = {isa = PBXBuildFile; fileRef = B3303C5A2C2121F5006E522A /* NC2_MachineLearningApp.swift */; };
		B3303C5D2C2121F5006E522A /* ContentView.swift in Sources */ = {isa = PBXBuildFile; fileRef = B3303C5C2C2121F5006E522A /* ContentView.swift */; };
		B3303C5F2C2121F6006E522A /* Assets.xcassets in Resources */ = {isa = PBXBuildFile; fileRef = B3303C5E2C2121F6006E522A /* Assets.xcassets */; };
		B3303C622C2121F6006E522A /* Preview Assets.xcassets in Resources */ = {isa = PBXBuildFile; fileRef = B3303C612C2121F6006E522A /* Preview Assets.xcassets */; };
		B3303C6D2C2127D0006E522A /* Color+Extension.swift in Sources */ = {isa = PBXBuildFile; fileRef = B3303C6C2C2127D0006E522A /* Color+Extension.swift */; };
		B3303C702C2128B0006E522A /* DNFBitBitv2.otf in Resources */ = {isa = PBXBuildFile; fileRef = B3303C6F2C2128B0006E522A /* DNFBitBitv2.otf */; };
		B3303C732C212914006E522A /* Font.swift in Sources */ = {isa = PBXBuildFile; fileRef = B3303C722C212914006E522A /* Font.swift */; };
		B3303C752C214A7B006E522A /* RecordView.swift in Sources */ = {isa = PBXBuildFile; fileRef = B3303C742C214A7B006E522A /* RecordView.swift */; };
		B3303C772C2153EC006E522A /* Pretendard-Medium.otf in Resources */ = {isa = PBXBuildFile; fileRef = B3303C762C2153EC006E522A /* Pretendard-Medium.otf */; };
		B3303C7A2C216893006E522A /* CardView.swift in Sources */ = {isa = PBXBuildFile; fileRef = B3303C792C216893006E522A /* CardView.swift */; };
		B3303C7E2C2174E8006E522A /* VoiceData.swift in Sources */ = {isa = PBXBuildFile; fileRef = B3303C7D2C2174E8006E522A /* VoiceData.swift */; };
		B3303C842C21C10D006E522A /* Pretendard-Bold.otf in Resources */ = {isa = PBXBuildFile; fileRef = B3303C832C21C10D006E522A /* Pretendard-Bold.otf */; };
		B3303C862C21C7DE006E522A /* voiceClassifier.mlmodel in Sources */ = {isa = PBXBuildFile; fileRef = B3303C852C21C7DE006E522A /* voiceClassifier.mlmodel */; };
		B3303C882C21FDFB006E522A /* AudioRecorder.swift in Sources */ = {isa = PBXBuildFile; fileRef = B3303C872C21FDFB006E522A /* AudioRecorder.swift */; };
		B3303C8A2C2204B5006E522A /* RecordButton.swift in Sources */ = {isa = PBXBuildFile; fileRef = B3303C892C2204B4006E522A /* RecordButton.swift */; };
		B3303C8C2C22141B006E522A /* ResultsObserver.swift in Sources */ = {isa = PBXBuildFile; fileRef = B3303C8B2C22141B006E522A /* ResultsObserver.swift */; };
/* End PBXBuildFile section */

/* Begin PBXFileReference section */
		111E7B612C22B77D00C4FAF8 /* WaveformView.swift */ = {isa = PBXFileReference; lastKnownFileType = sourcecode.swift; path = WaveformView.swift; sourceTree = "<group>"; };
		B3303C572C2121F5006E522A /* NC2_MachineLearning.app */ = {isa = PBXFileReference; explicitFileType = wrapper.application; includeInIndex = 0; path = NC2_MachineLearning.app; sourceTree = BUILT_PRODUCTS_DIR; };
		B3303C5A2C2121F5006E522A /* NC2_MachineLearningApp.swift */ = {isa = PBXFileReference; lastKnownFileType = sourcecode.swift; path = NC2_MachineLearningApp.swift; sourceTree = "<group>"; };
		B3303C5C2C2121F5006E522A /* ContentView.swift */ = {isa = PBXFileReference; lastKnownFileType = sourcecode.swift; path = ContentView.swift; sourceTree = "<group>"; };
		B3303C5E2C2121F6006E522A /* Assets.xcassets */ = {isa = PBXFileReference; lastKnownFileType = folder.assetcatalog; path = Assets.xcassets; sourceTree = "<group>"; };
		B3303C612C2121F6006E522A /* Preview Assets.xcassets */ = {isa = PBXFileReference; lastKnownFileType = folder.assetcatalog; path = "Preview Assets.xcassets"; sourceTree = "<group>"; };
		B3303C6C2C2127D0006E522A /* Color+Extension.swift */ = {isa = PBXFileReference; lastKnownFileType = sourcecode.swift; path = "Color+Extension.swift"; sourceTree = "<group>"; };
		B3303C6F2C2128B0006E522A /* DNFBitBitv2.otf */ = {isa = PBXFileReference; lastKnownFileType = file; path = DNFBitBitv2.otf; sourceTree = "<group>"; };
		B3303C712C2128C5006E522A /* NC2-MachineLearning-Info.plist */ = {isa = PBXFileReference; lastKnownFileType = text.plist; path = "NC2-MachineLearning-Info.plist"; sourceTree = SOURCE_ROOT; };
		B3303C722C212914006E522A /* Font.swift */ = {isa = PBXFileReference; lastKnownFileType = sourcecode.swift; path = Font.swift; sourceTree = "<group>"; };
		B3303C742C214A7B006E522A /* RecordView.swift */ = {isa = PBXFileReference; lastKnownFileType = sourcecode.swift; path = RecordView.swift; sourceTree = "<group>"; };
		B3303C762C2153EC006E522A /* Pretendard-Medium.otf */ = {isa = PBXFileReference; lastKnownFileType = file; path = "Pretendard-Medium.otf"; sourceTree = "<group>"; };
		B3303C792C216893006E522A /* CardView.swift */ = {isa = PBXFileReference; lastKnownFileType = sourcecode.swift; path = CardView.swift; sourceTree = "<group>"; };
		B3303C7D2C2174E8006E522A /* VoiceData.swift */ = {isa = PBXFileReference; lastKnownFileType = sourcecode.swift; path = VoiceData.swift; sourceTree = "<group>"; };
		B3303C832C21C10D006E522A /* Pretendard-Bold.otf */ = {isa = PBXFileReference; lastKnownFileType = file; path = "Pretendard-Bold.otf"; sourceTree = "<group>"; };
		B3303C852C21C7DE006E522A /* voiceClassifier.mlmodel */ = {isa = PBXFileReference; lastKnownFileType = file.mlmodel; path = voiceClassifier.mlmodel; sourceTree = "<group>"; };
		B3303C872C21FDFB006E522A /* AudioRecorder.swift */ = {isa = PBXFileReference; lastKnownFileType = sourcecode.swift; path = AudioRecorder.swift; sourceTree = "<group>"; };
		B3303C892C2204B4006E522A /* RecordButton.swift */ = {isa = PBXFileReference; lastKnownFileType = sourcecode.swift; path = RecordButton.swift; sourceTree = "<group>"; };
		B3303C8B2C22141B006E522A /* ResultsObserver.swift */ = {isa = PBXFileReference; lastKnownFileType = sourcecode.swift; path = ResultsObserver.swift; sourceTree = "<group>"; };
/* End PBXFileReference section */

/* Begin PBXFrameworksBuildPhase section */
		B3303C542C2121F5006E522A /* Frameworks */ = {
			isa = PBXFrameworksBuildPhase;
			buildActionMask = 2147483647;
			files = (
			);
			runOnlyForDeploymentPostprocessing = 0;
		};
/* End PBXFrameworksBuildPhase section */

/* Begin PBXGroup section */
		B3303C4E2C2121F5006E522A = {
			isa = PBXGroup;
			children = (
				B3303C592C2121F5006E522A /* NC2_MachineLearning */,
				B3303C582C2121F5006E522A /* Products */,
			);
			sourceTree = "<group>";
		};
		B3303C582C2121F5006E522A /* Products */ = {
			isa = PBXGroup;
			children = (
				B3303C572C2121F5006E522A /* NC2_MachineLearning.app */,
			);
			name = Products;
			sourceTree = "<group>";
		};
		B3303C592C2121F5006E522A /* NC2_MachineLearning */ = {
			isa = PBXGroup;
			children = (
				B3303C712C2128C5006E522A /* NC2-MachineLearning-Info.plist */,
				B3303C852C21C7DE006E522A /* voiceClassifier.mlmodel */,
				B3303C5A2C2121F5006E522A /* NC2_MachineLearningApp.swift */,
				B3303C5C2C2121F5006E522A /* ContentView.swift */,
				B3303C7D2C2174E8006E522A /* VoiceData.swift */,
				B3303C742C214A7B006E522A /* RecordView.swift */,
				B3303C8B2C22141B006E522A /* ResultsObserver.swift */,
				B3303C892C2204B4006E522A /* RecordButton.swift */,
				111E7B612C22B77D00C4FAF8 /* WaveformView.swift */,
				B3303C792C216893006E522A /* CardView.swift */,
				B3303C6C2C2127D0006E522A /* Color+Extension.swift */,
				B3303C872C21FDFB006E522A /* AudioRecorder.swift */,
				B3303C5E2C2121F6006E522A /* Assets.xcassets */,
				B3303C6E2C2128A4006E522A /* Font */,
				B3303C602C2121F6006E522A /* Preview Content */,
			);
			path = NC2_MachineLearning;
			sourceTree = "<group>";
		};
		B3303C602C2121F6006E522A /* Preview Content */ = {
			isa = PBXGroup;
			children = (
				B3303C612C2121F6006E522A /* Preview Assets.xcassets */,
			);
			path = "Preview Content";
			sourceTree = "<group>";
		};
		B3303C6E2C2128A4006E522A /* Font */ = {
			isa = PBXGroup;
			children = (
				B3303C722C212914006E522A /* Font.swift */,
				B3303C832C21C10D006E522A /* Pretendard-Bold.otf */,
				B3303C762C2153EC006E522A /* Pretendard-Medium.otf */,
				B3303C6F2C2128B0006E522A /* DNFBitBitv2.otf */,
			);
			path = Font;
			sourceTree = "<group>";
		};
/* End PBXGroup section */

/* Begin PBXNativeTarget section */
		B3303C562C2121F5006E522A /* NC2_MachineLearning */ = {
			isa = PBXNativeTarget;
			buildConfigurationList = B3303C652C2121F6006E522A /* Build configuration list for PBXNativeTarget "NC2_MachineLearning" */;
			buildPhases = (
				B3303C532C2121F5006E522A /* Sources */,
				B3303C542C2121F5006E522A /* Frameworks */,
				B3303C552C2121F5006E522A /* Resources */,
			);
			buildRules = (
			);
			dependencies = (
			);
			name = NC2_MachineLearning;
			productName = NC2_MachineLearning;
			productReference = B3303C572C2121F5006E522A /* NC2_MachineLearning.app */;
			productType = "com.apple.product-type.application";
		};
/* End PBXNativeTarget section */

/* Begin PBXProject section */
		B3303C4F2C2121F5006E522A /* Project object */ = {
			isa = PBXProject;
			attributes = {
				BuildIndependentTargetsInParallel = 1;
				LastSwiftUpdateCheck = 1520;
				LastUpgradeCheck = 1520;
				TargetAttributes = {
					B3303C562C2121F5006E522A = {
						CreatedOnToolsVersion = 15.2;
					};
				};
			};
			buildConfigurationList = B3303C522C2121F5006E522A /* Build configuration list for PBXProject "NC2_MachineLearning" */;
			compatibilityVersion = "Xcode 14.0";
			developmentRegion = en;
			hasScannedForEncodings = 0;
			knownRegions = (
				en,
				Base,
			);
			mainGroup = B3303C4E2C2121F5006E522A;
			productRefGroup = B3303C582C2121F5006E522A /* Products */;
			projectDirPath = "";
			projectRoot = "";
			targets = (
				B3303C562C2121F5006E522A /* NC2_MachineLearning */,
			);
		};
/* End PBXProject section */

/* Begin PBXResourcesBuildPhase section */
		B3303C552C2121F5006E522A /* Resources */ = {
			isa = PBXResourcesBuildPhase;
			buildActionMask = 2147483647;
			files = (
				B3303C702C2128B0006E522A /* DNFBitBitv2.otf in Resources */,
				B3303C842C21C10D006E522A /* Pretendard-Bold.otf in Resources */,
				B3303C622C2121F6006E522A /* Preview Assets.xcassets in Resources */,
				B3303C5F2C2121F6006E522A /* Assets.xcassets in Resources */,
				B3303C772C2153EC006E522A /* Pretendard-Medium.otf in Resources */,
			);
			runOnlyForDeploymentPostprocessing = 0;
		};
/* End PBXResourcesBuildPhase section */

/* Begin PBXSourcesBuildPhase section */
		B3303C532C2121F5006E522A /* Sources */ = {
			isa = PBXSourcesBuildPhase;
			buildActionMask = 2147483647;
			files = (
				B3303C882C21FDFB006E522A /* AudioRecorder.swift in Sources */,
				B3303C732C212914006E522A /* Font.swift in Sources */,
				B3303C5D2C2121F5006E522A /* ContentView.swift in Sources */,
				B3303C862C21C7DE006E522A /* voiceClassifier.mlmodel in Sources */,
				B3303C8A2C2204B5006E522A /* RecordButton.swift in Sources */,
				B3303C5B2C2121F5006E522A /* NC2_MachineLearningApp.swift in Sources */,
				B3303C7E2C2174E8006E522A /* VoiceData.swift in Sources */,
				B3303C752C214A7B006E522A /* RecordView.swift in Sources */,
				B3303C8C2C22141B006E522A /* ResultsObserver.swift in Sources */,
				B3303C7A2C216893006E522A /* CardView.swift in Sources */,
				B3303C6D2C2127D0006E522A /* Color+Extension.swift in Sources */,
				111E7B622C22B77D00C4FAF8 /* WaveformView.swift in Sources */,
			);
			runOnlyForDeploymentPostprocessing = 0;
		};
/* End PBXSourcesBuildPhase section */

/* Begin XCBuildConfiguration section */
		B3303C632C2121F6006E522A /* Debug */ = {
			isa = XCBuildConfiguration;
			buildSettings = {
				ALWAYS_SEARCH_USER_PATHS = NO;
				ASSETCATALOG_COMPILER_GENERATE_SWIFT_ASSET_SYMBOL_EXTENSIONS = YES;
				CLANG_ANALYZER_NONNULL = YES;
				CLANG_ANALYZER_NUMBER_OBJECT_CONVERSION = YES_AGGRESSIVE;
				CLANG_CXX_LANGUAGE_STANDARD = "gnu++20";
				CLANG_ENABLE_MODULES = YES;
				CLANG_ENABLE_OBJC_ARC = YES;
				CLANG_ENABLE_OBJC_WEAK = YES;
				CLANG_WARN_BLOCK_CAPTURE_AUTORELEASING = YES;
				CLANG_WARN_BOOL_CONVERSION = YES;
				CLANG_WARN_COMMA = YES;
				CLANG_WARN_CONSTANT_CONVERSION = YES;
				CLANG_WARN_DEPRECATED_OBJC_IMPLEMENTATIONS = YES;
				CLANG_WARN_DIRECT_OBJC_ISA_USAGE = YES_ERROR;
				CLANG_WARN_DOCUMENTATION_COMMENTS = YES;
				CLANG_WARN_EMPTY_BODY = YES;
				CLANG_WARN_ENUM_CONVERSION = YES;
				CLANG_WARN_INFINITE_RECURSION = YES;
				CLANG_WARN_INT_CONVERSION = YES;
				CLANG_WARN_NON_LITERAL_NULL_CONVERSION = YES;
				CLANG_WARN_OBJC_IMPLICIT_RETAIN_SELF = YES;
				CLANG_WARN_OBJC_LITERAL_CONVERSION = YES;
				CLANG_WARN_OBJC_ROOT_CLASS = YES_ERROR;
				CLANG_WARN_QUOTED_INCLUDE_IN_FRAMEWORK_HEADER = YES;
				CLANG_WARN_RANGE_LOOP_ANALYSIS = YES;
				CLANG_WARN_STRICT_PROTOTYPES = YES;
				CLANG_WARN_SUSPICIOUS_MOVE = YES;
				CLANG_WARN_UNGUARDED_AVAILABILITY = YES_AGGRESSIVE;
				CLANG_WARN_UNREACHABLE_CODE = YES;
				CLANG_WARN__DUPLICATE_METHOD_MATCH = YES;
				COPY_PHASE_STRIP = NO;
				DEBUG_INFORMATION_FORMAT = dwarf;
				ENABLE_STRICT_OBJC_MSGSEND = YES;
				ENABLE_TESTABILITY = YES;
				ENABLE_USER_SCRIPT_SANDBOXING = YES;
				GCC_C_LANGUAGE_STANDARD = gnu17;
				GCC_DYNAMIC_NO_PIC = NO;
				GCC_NO_COMMON_BLOCKS = YES;
				GCC_OPTIMIZATION_LEVEL = 0;
				GCC_PREPROCESSOR_DEFINITIONS = (
					"DEBUG=1",
					"$(inherited)",
				);
				GCC_WARN_64_TO_32_BIT_CONVERSION = YES;
				GCC_WARN_ABOUT_RETURN_TYPE = YES_ERROR;
				GCC_WARN_UNDECLARED_SELECTOR = YES;
				GCC_WARN_UNINITIALIZED_AUTOS = YES_AGGRESSIVE;
				GCC_WARN_UNUSED_FUNCTION = YES;
				GCC_WARN_UNUSED_VARIABLE = YES;
				IPHONEOS_DEPLOYMENT_TARGET = 17.2;
				LOCALIZATION_PREFERS_STRING_CATALOGS = YES;
				MTL_ENABLE_DEBUG_INFO = INCLUDE_SOURCE;
				MTL_FAST_MATH = YES;
				ONLY_ACTIVE_ARCH = YES;
				SDKROOT = iphoneos;
				SWIFT_ACTIVE_COMPILATION_CONDITIONS = "DEBUG $(inherited)";
				SWIFT_OPTIMIZATION_LEVEL = "-Onone";
			};
			name = Debug;
		};
		B3303C642C2121F6006E522A /* Release */ = {
			isa = XCBuildConfiguration;
			buildSettings = {
				ALWAYS_SEARCH_USER_PATHS = NO;
				ASSETCATALOG_COMPILER_GENERATE_SWIFT_ASSET_SYMBOL_EXTENSIONS = YES;
				CLANG_ANALYZER_NONNULL = YES;
				CLANG_ANALYZER_NUMBER_OBJECT_CONVERSION = YES_AGGRESSIVE;
				CLANG_CXX_LANGUAGE_STANDARD = "gnu++20";
				CLANG_ENABLE_MODULES = YES;
				CLANG_ENABLE_OBJC_ARC = YES;
				CLANG_ENABLE_OBJC_WEAK = YES;
				CLANG_WARN_BLOCK_CAPTURE_AUTORELEASING = YES;
				CLANG_WARN_BOOL_CONVERSION = YES;
				CLANG_WARN_COMMA = YES;
				CLANG_WARN_CONSTANT_CONVERSION = YES;
				CLANG_WARN_DEPRECATED_OBJC_IMPLEMENTATIONS = YES;
				CLANG_WARN_DIRECT_OBJC_ISA_USAGE = YES_ERROR;
				CLANG_WARN_DOCUMENTATION_COMMENTS = YES;
				CLANG_WARN_EMPTY_BODY = YES;
				CLANG_WARN_ENUM_CONVERSION = YES;
				CLANG_WARN_INFINITE_RECURSION = YES;
				CLANG_WARN_INT_CONVERSION = YES;
				CLANG_WARN_NON_LITERAL_NULL_CONVERSION = YES;
				CLANG_WARN_OBJC_IMPLICIT_RETAIN_SELF = YES;
				CLANG_WARN_OBJC_LITERAL_CONVERSION = YES;
				CLANG_WARN_OBJC_ROOT_CLASS = YES_ERROR;
				CLANG_WARN_QUOTED_INCLUDE_IN_FRAMEWORK_HEADER = YES;
				CLANG_WARN_RANGE_LOOP_ANALYSIS = YES;
				CLANG_WARN_STRICT_PROTOTYPES = YES;
				CLANG_WARN_SUSPICIOUS_MOVE = YES;
				CLANG_WARN_UNGUARDED_AVAILABILITY = YES_AGGRESSIVE;
				CLANG_WARN_UNREACHABLE_CODE = YES;
				CLANG_WARN__DUPLICATE_METHOD_MATCH = YES;
				COPY_PHASE_STRIP = NO;
				DEBUG_INFORMATION_FORMAT = "dwarf-with-dsym";
				ENABLE_NS_ASSERTIONS = NO;
				ENABLE_STRICT_OBJC_MSGSEND = YES;
				ENABLE_USER_SCRIPT_SANDBOXING = YES;
				GCC_C_LANGUAGE_STANDARD = gnu17;
				GCC_NO_COMMON_BLOCKS = YES;
				GCC_WARN_64_TO_32_BIT_CONVERSION = YES;
				GCC_WARN_ABOUT_RETURN_TYPE = YES_ERROR;
				GCC_WARN_UNDECLARED_SELECTOR = YES;
				GCC_WARN_UNINITIALIZED_AUTOS = YES_AGGRESSIVE;
				GCC_WARN_UNUSED_FUNCTION = YES;
				GCC_WARN_UNUSED_VARIABLE = YES;
				IPHONEOS_DEPLOYMENT_TARGET = 17.2;
				LOCALIZATION_PREFERS_STRING_CATALOGS = YES;
				MTL_ENABLE_DEBUG_INFO = NO;
				MTL_FAST_MATH = YES;
				SDKROOT = iphoneos;
				SWIFT_COMPILATION_MODE = wholemodule;
				VALIDATE_PRODUCT = YES;
			};
			name = Release;
		};
		B3303C662C2121F6006E522A /* Debug */ = {
			isa = XCBuildConfiguration;
			buildSettings = {
				ASSETCATALOG_COMPILER_APPICON_NAME = AppIcon;
				ASSETCATALOG_COMPILER_GLOBAL_ACCENT_COLOR_NAME = AccentColor;
				CODE_SIGN_STYLE = Automatic;
				CURRENT_PROJECT_VERSION = 1;
				DEVELOPMENT_ASSET_PATHS = "\"NC2_MachineLearning/Preview Content\"";
				DEVELOPMENT_TEAM = KY55F55FY5;
				ENABLE_PREVIEWS = YES;
				GENERATE_INFOPLIST_FILE = YES;
				INFOPLIST_FILE = "NC2-MachineLearning-Info.plist";
				INFOPLIST_KEY_NSMicrophoneUsageDescription = "";
				INFOPLIST_KEY_UIApplicationSceneManifest_Generation = YES;
				INFOPLIST_KEY_UIApplicationSupportsIndirectInputEvents = YES;
				INFOPLIST_KEY_UILaunchScreen_Generation = YES;
				INFOPLIST_KEY_UISupportedInterfaceOrientations_iPad = "UIInterfaceOrientationPortrait UIInterfaceOrientationPortraitUpsideDown UIInterfaceOrientationLandscapeLeft UIInterfaceOrientationLandscapeRight";
				INFOPLIST_KEY_UISupportedInterfaceOrientations_iPhone = "UIInterfaceOrientationPortrait UIInterfaceOrientationLandscapeLeft UIInterfaceOrientationLandscapeRight";
				LD_RUNPATH_SEARCH_PATHS = (
					"$(inherited)",
					"@executable_path/Frameworks",
				);
				MARKETING_VERSION = 1.0;
				PRODUCT_BUNDLE_IDENTIFIER = "com.yelim.NC2-MachineLearning";
				PRODUCT_NAME = "$(TARGET_NAME)";
				SWIFT_EMIT_LOC_STRINGS = YES;
				SWIFT_VERSION = 5.0;
				TARGETED_DEVICE_FAMILY = "1,2";
			};
			name = Debug;
		};
		B3303C672C2121F6006E522A /* Release */ = {
			isa = XCBuildConfiguration;
			buildSettings = {
				ASSETCATALOG_COMPILER_APPICON_NAME = AppIcon;
				ASSETCATALOG_COMPILER_GLOBAL_ACCENT_COLOR_NAME = AccentColor;
				CODE_SIGN_STYLE = Automatic;
				CURRENT_PROJECT_VERSION = 1;
				DEVELOPMENT_ASSET_PATHS = "\"NC2_MachineLearning/Preview Content\"";
				DEVELOPMENT_TEAM = KY55F55FY5;
				ENABLE_PREVIEWS = YES;
				GENERATE_INFOPLIST_FILE = YES;
				INFOPLIST_FILE = "NC2-MachineLearning-Info.plist";
				INFOPLIST_KEY_NSMicrophoneUsageDescription = "";
				INFOPLIST_KEY_UIApplicationSceneManifest_Generation = YES;
				INFOPLIST_KEY_UIApplicationSupportsIndirectInputEvents = YES;
				INFOPLIST_KEY_UILaunchScreen_Generation = YES;
				INFOPLIST_KEY_UISupportedInterfaceOrientations_iPad = "UIInterfaceOrientationPortrait UIInterfaceOrientationPortraitUpsideDown UIInterfaceOrientationLandscapeLeft UIInterfaceOrientationLandscapeRight";
				INFOPLIST_KEY_UISupportedInterfaceOrientations_iPhone = "UIInterfaceOrientationPortrait UIInterfaceOrientationLandscapeLeft UIInterfaceOrientationLandscapeRight";
				LD_RUNPATH_SEARCH_PATHS = (
					"$(inherited)",
					"@executable_path/Frameworks",
				);
				MARKETING_VERSION = 1.0;
				PRODUCT_BUNDLE_IDENTIFIER = "com.yelim.NC2-MachineLearning";
				PRODUCT_NAME = "$(TARGET_NAME)";
				SWIFT_EMIT_LOC_STRINGS = YES;
				SWIFT_VERSION = 5.0;
				TARGETED_DEVICE_FAMILY = "1,2";
			};
			name = Release;
		};
/* End XCBuildConfiguration section */

/* Begin XCConfigurationList section */
		B3303C522C2121F5006E522A /* Build configuration list for PBXProject "NC2_MachineLearning" */ = {
			isa = XCConfigurationList;
			buildConfigurations = (
				B3303C632C2121F6006E522A /* Debug */,
				B3303C642C2121F6006E522A /* Release */,
			);
			defaultConfigurationIsVisible = 0;
			defaultConfigurationName = Release;
		};
		B3303C652C2121F6006E522A /* Build configuration list for PBXNativeTarget "NC2_MachineLearning" */ = {
			isa = XCConfigurationList;
			buildConfigurations = (
				B3303C662C2121F6006E522A /* Debug */,
				B3303C672C2121F6006E522A /* Release */,
			);
			defaultConfigurationIsVisible = 0;
			defaultConfigurationName = Release;
		};
/* End XCConfigurationList section */
	};
	rootObject = B3303C4F2C2121F5006E522A /* Project object */;
}
